
Microsoft Visual Studio Solution File, Format Version 12.00
# Visual Studio 2013
VisualStudioVersion = 12.0.21005.1
MinimumVisualStudioVersion = 10.0.40219.1
Project("{FAE04EC0-301F-11D3-BF4B-00C04F79EFBC}") = "Inventario", "Inventario\Inventario.csproj", "{D3B94454-936C-41B1-BEA1-4532934DC1D9}"
EndProject
Project("{FAE04EC0-301F-11D3-BF4B-00C04F79EFBC}") = "Inventario.Data", "Inventario.Data\Inventario.Data.csproj", "{582F1C30-8F3A-419B-B8F6-2BBF03B18062}"
EndProject
Project("{FAE04EC0-301F-11D3-BF4B-00C04F79EFBC}") = "Inventario.Servicios", "Inventario.Servicios\Inventario.Servicios.csproj", "{E062001C-7CED-4C70-905F-C4CBDD629BA9}"
EndProject
Project("{FAE04EC0-301F-11D3-BF4B-00C04F79EFBC}") = "Inventario.Commons", "Inventario.Commons\Inventario.Commons.csproj", "{88C49984-C13D-410F-AEF7-C2E96160D2FF}"
EndProject
Global
	GlobalSection(SolutionConfigurationPlatforms) = preSolution
		Debug|Any CPU = Debug|Any CPU
		Release|Any CPU = Release|Any CPU
	EndGlobalSection
	GlobalSection(ProjectConfigurationPlatforms) = postSolution
		{D3B94454-936C-41B1-BEA1-4532934DC1D9}.Debug|Any CPU.ActiveCfg = Debug|Any CPU
		{D3B94454-936C-41B1-BEA1-4532934DC1D9}.Debug|Any CPU.Build.0 = Debug|Any CPU
		{D3B94454-936C-41B1-BEA1-4532934DC1D9}.Release|Any CPU.ActiveCfg = Release|Any CPU
		{D3B94454-936C-41B1-BEA1-4532934DC1D9}.Release|Any CPU.Build.0 = Release|Any CPU
		{582F1C30-8F3A-419B-B8F6-2BBF03B18062}.Debug|Any CPU.ActiveCfg = Debug|Any CPU
		{582F1C30-8F3A-419B-B8F6-2BBF03B18062}.Debug|Any CPU.Build.0 = Debug|Any CPU
		{582F1C30-8F3A-419B-B8F6-2BBF03B18062}.Release|Any CPU.ActiveCfg = Release|Any CPU
		{582F1C30-8F3A-419B-B8F6-2BBF03B18062}.Release|Any CPU.Build.0 = Release|Any CPU
		{E062001C-7CED-4C70-905F-C4CBDD629BA9}.Debug|Any CPU.ActiveCfg = Debug|Any CPU
		{E062001C-7CED-4C70-905F-C4CBDD629BA9}.Debug|Any CPU.Build.0 = Debug|Any CPU
		{E062001C-7CED-4C70-905F-C4CBDD629BA9}.Release|Any CPU.ActiveCfg = Release|Any CPU
		{E062001C-7CED-4C70-905F-C4CBDD629BA9}.Release|Any CPU.Build.0 = Release|Any CPU
		{88C49984-C13D-410F-AEF7-C2E96160D2FF}.Debug|Any CPU.ActiveCfg = Debug|Any CPU
		{88C49984-C13D-410F-AEF7-C2E96160D2FF}.Debug|Any CPU.Build.0 = Debug|Any CPU
		{88C49984-C13D-410F-AEF7-C2E96160D2FF}.Release|Any CPU.ActiveCfg = Release|Any CPU
		{88C49984-C13D-410F-AEF7-C2E96160D2FF}.Release|Any CPU.Build.0 = Release|Any CPU
	EndGlobalSection
	GlobalSection(SolutionProperties) = preSolution
		HideSolutionNode = FALSE
	EndGlobalSection
EndGlobal
